
Microsoft Visual Studio Solution File, Format Version 12.00
# Visual Studio 15
VisualStudioVersion = 15.0.26228.9
MinimumVisualStudioVersion = 10.0.40219.1
Project("{2150E333-8FDC-42A3-9474-1A3956D46DE8}") = "src", "src", "{0B960957-8F41-4CD4-9CF1-413DE22BA8FA}"
EndProject
Project("{2150E333-8FDC-42A3-9474-1A3956D46DE8}") = "test", "test", "{7D4A4312-1F01-4938-8E3E-13037AB3A43B}"
EndProject
Project("{FAE04EC0-301F-11D3-BF4B-00C04F79EFBC}") = "Forum.Api", "src\Forum.Api\Forum.Api.csproj", "{59E5E326-E16F-4828-A116-6466D7925BBA}"
EndProject
Project("{FAE04EC0-301F-11D3-BF4B-00C04F79EFBC}") = "Formum.Api.Authorization", "src\Formum.Api.Authorization\Formum.Api.Authorization.csproj", "{62CC08B4-7C39-4669-AF1F-029CBF1BEB74}"
EndProject
Project("{FAE04EC0-301F-11D3-BF4B-00C04F79EFBC}") = "Forum.UnitTests", "test\Forum.UnitTests\Forum.UnitTests.csproj", "{917EFA24-AD8B-4A04-B367-B9FC00C0F327}"
EndProject
Project("{FAE04EC0-301F-11D3-BF4B-00C04F79EFBC}") = "Forum.Models", "src\Forum.Models\Forum.Models.csproj", "{F79B1A00-E56F-40A5-AC34-78D9A44D9152}"
EndProject
Project("{FAE04EC0-301F-11D3-BF4B-00C04F79EFBC}") = "Forum.Interfaces", "src\Forum.Interfaces\Forum.Interfaces.csproj", "{098984E9-6B22-4319-B74C-ECA1DE2A3F1B}"
EndProject
Project("{FAE04EC0-301F-11D3-BF4B-00C04F79EFBC}") = "Forum.Repositories", "src\Forum.Repositories\Forum.Repositories.csproj", "{2F9FB519-9140-4650-A58A-E834366B43F6}"
EndProject
Project("{2150E333-8FDC-42A3-9474-1A3956D46DE8}") = "Client", "Client", "{080260F3-C40D-406C-8CB8-F928773C979B}"
EndProject
Project("{2150E333-8FDC-42A3-9474-1A3956D46DE8}") = "Domain", "Domain", "{EE5A9CED-ACEE-445C-A53E-5A1B192CC7D9}"
EndProject
Project("{2150E333-8FDC-42A3-9474-1A3956D46DE8}") = "Infrastructure", "Infrastructure", "{387A2E74-7153-4897-B561-3EB8269A2633}"
EndProject
Project("{2150E333-8FDC-42A3-9474-1A3956D46DE8}") = "Solution Items", "Solution Items", "{B9A90B8D-B09C-4A87-B10D-5EA5195D68FF}"
	ProjectSection(SolutionItems) = preProject
		README.md = README.md
	EndProjectSection
EndProject
Global
	GlobalSection(SolutionConfigurationPlatforms) = preSolution
		Debug|Any CPU = Debug|Any CPU
		Release|Any CPU = Release|Any CPU
	EndGlobalSection
	GlobalSection(ProjectConfigurationPlatforms) = postSolution
		{59E5E326-E16F-4828-A116-6466D7925BBA}.Debug|Any CPU.ActiveCfg = Debug|Any CPU
		{59E5E326-E16F-4828-A116-6466D7925BBA}.Debug|Any CPU.Build.0 = Debug|Any CPU
		{59E5E326-E16F-4828-A116-6466D7925BBA}.Release|Any CPU.ActiveCfg = Release|Any CPU
		{59E5E326-E16F-4828-A116-6466D7925BBA}.Release|Any CPU.Build.0 = Release|Any CPU
		{62CC08B4-7C39-4669-AF1F-029CBF1BEB74}.Debug|Any CPU.ActiveCfg = Debug|Any CPU
		{62CC08B4-7C39-4669-AF1F-029CBF1BEB74}.Debug|Any CPU.Build.0 = Debug|Any CPU
		{62CC08B4-7C39-4669-AF1F-029CBF1BEB74}.Release|Any CPU.ActiveCfg = Release|Any CPU
		{62CC08B4-7C39-4669-AF1F-029CBF1BEB74}.Release|Any CPU.Build.0 = Release|Any CPU
		{917EFA24-AD8B-4A04-B367-B9FC00C0F327}.Debug|Any CPU.ActiveCfg = Debug|Any CPU
		{917EFA24-AD8B-4A04-B367-B9FC00C0F327}.Debug|Any CPU.Build.0 = Debug|Any CPU
		{917EFA24-AD8B-4A04-B367-B9FC00C0F327}.Release|Any CPU.ActiveCfg = Release|Any CPU
		{917EFA24-AD8B-4A04-B367-B9FC00C0F327}.Release|Any CPU.Build.0 = Release|Any CPU
		{F79B1A00-E56F-40A5-AC34-78D9A44D9152}.Debug|Any CPU.ActiveCfg = Debug|Any CPU
		{F79B1A00-E56F-40A5-AC34-78D9A44D9152}.Debug|Any CPU.Build.0 = Debug|Any CPU
		{F79B1A00-E56F-40A5-AC34-78D9A44D9152}.Release|Any CPU.ActiveCfg = Release|Any CPU
		{F79B1A00-E56F-40A5-AC34-78D9A44D9152}.Release|Any CPU.Build.0 = Release|Any CPU
		{098984E9-6B22-4319-B74C-ECA1DE2A3F1B}.Debug|Any CPU.ActiveCfg = Debug|Any CPU
		{098984E9-6B22-4319-B74C-ECA1DE2A3F1B}.Debug|Any CPU.Build.0 = Debug|Any CPU
		{098984E9-6B22-4319-B74C-ECA1DE2A3F1B}.Release|Any CPU.ActiveCfg = Release|Any CPU
		{098984E9-6B22-4319-B74C-ECA1DE2A3F1B}.Release|Any CPU.Build.0 = Release|Any CPU
		{2F9FB519-9140-4650-A58A-E834366B43F6}.Debug|Any CPU.ActiveCfg = Debug|Any CPU
		{2F9FB519-9140-4650-A58A-E834366B43F6}.Debug|Any CPU.Build.0 = Debug|Any CPU
		{2F9FB519-9140-4650-A58A-E834366B43F6}.Release|Any CPU.ActiveCfg = Release|Any CPU
		{2F9FB519-9140-4650-A58A-E834366B43F6}.Release|Any CPU.Build.0 = Release|Any CPU
	EndGlobalSection
	GlobalSection(SolutionProperties) = preSolution
		HideSolutionNode = FALSE
	EndGlobalSection
	GlobalSection(NestedProjects) = preSolution
		{59E5E326-E16F-4828-A116-6466D7925BBA} = {080260F3-C40D-406C-8CB8-F928773C979B}
		{62CC08B4-7C39-4669-AF1F-029CBF1BEB74} = {080260F3-C40D-406C-8CB8-F928773C979B}
		{917EFA24-AD8B-4A04-B367-B9FC00C0F327} = {7D4A4312-1F01-4938-8E3E-13037AB3A43B}
		{F79B1A00-E56F-40A5-AC34-78D9A44D9152} = {EE5A9CED-ACEE-445C-A53E-5A1B192CC7D9}
		{098984E9-6B22-4319-B74C-ECA1DE2A3F1B} = {EE5A9CED-ACEE-445C-A53E-5A1B192CC7D9}
		{2F9FB519-9140-4650-A58A-E834366B43F6} = {387A2E74-7153-4897-B561-3EB8269A2633}
		{080260F3-C40D-406C-8CB8-F928773C979B} = {0B960957-8F41-4CD4-9CF1-413DE22BA8FA}
		{EE5A9CED-ACEE-445C-A53E-5A1B192CC7D9} = {0B960957-8F41-4CD4-9CF1-413DE22BA8FA}
		{387A2E74-7153-4897-B561-3EB8269A2633} = {0B960957-8F41-4CD4-9CF1-413DE22BA8FA}
	EndGlobalSection
EndGlobal
